{
  "name": "tree-sitter-luau",
  "version": "0.1.0",
  "lockfileVersion": 2,
  "requires": true,
  "packages": {
    "": {
      "name": "tree-sitter-luau",
      "version": "0.1.0",
      "license": "MIT",
      "dependencies": {
        "tree-sitter-cli": "^0.20.1"
      }
    },
    "node_modules/tree-sitter-cli": {
      "version": "0.20.1",
      "resolved": "https://registry.npmjs.org/tree-sitter-cli/-/tree-sitter-cli-0.20.1.tgz",
      "integrity": "sha512-I0Gp4ThRp39TDnBAaZKiogvoE85MSeL6/ILZMXbzeEo8hUsudpVhEHRE4CU+Bk5QUaiMiDkD+ZIL3gT2zZ++wg==",
      "hasInstallScript": true,
      "bin": {
        "tree-sitter": "cli.js"
      }
    }
  },
  "dependencies": {
    "tree-sitter-cli": {
      "version": "0.20.1",
      "resolved": "https://registry.npmjs.org/tree-sitter-cli/-/tree-sitter-cli-0.20.1.tgz",
      "integrity": "sha512-I0Gp4ThRp39TDnBAaZKiogvoE85MSeL6/ILZMXbzeEo8hUsudpVhEHRE4CU+Bk5QUaiMiDkD+ZIL3gT2zZ++wg=="
    }
  }
}
